
Microsoft Visual Studio Solution File, Format Version 12.00
# Visual Studio Version 16
VisualStudioVersion = 16.0.33130.400
MinimumVisualStudioVersion = 10.0.40219.1
Project("{FAE04EC0-301F-11D3-BF4B-00C04F79EFBC}") = "Mission3", "Mission3\Mission3.csproj", "{F5C10DBC-CA3F-40DC-97F6-FA0817AD04AB}"
EndProject
Global
	GlobalSection(SolutionConfigurationPlatforms) = preSolution
		Debug|Any CPU = Debug|Any CPU
		Release|Any CPU = Release|Any CPU
	EndGlobalSection
	GlobalSection(ProjectConfigurationPlatforms) = postSolution
		{F5C10DBC-CA3F-40DC-97F6-FA0817AD04AB}.Debug|Any CPU.ActiveCfg = Debug|Any CPU
		{F5C10DBC-CA3F-40DC-97F6-FA0817AD04AB}.Debug|Any CPU.Build.0 = Debug|Any CPU
		{F5C10DBC-CA3F-40DC-97F6-FA0817AD04AB}.Release|Any CPU.ActiveCfg = Release|Any CPU
		{F5C10DBC-CA3F-40DC-97F6-FA0817AD04AB}.Release|Any CPU.Build.0 = Release|Any CPU
	EndGlobalSection
	GlobalSection(SolutionProperties) = preSolution
		HideSolutionNode = FALSE
	EndGlobalSection
	GlobalSection(ExtensibilityGlobals) = postSolution
		SolutionGuid = {CF5A7D96-C974-46E9-A750-314D32531A2C}
	EndGlobalSection
EndGlobal
